
Microsoft Visual Studio Solution File, Format Version 12.00
# Visual Studio Version 17
VisualStudioVersion = 17.14.36623.8
MinimumVisualStudioVersion = 10.0.40219.1
Project("{FAE04EC0-301F-11D3-BF4B-00C04F79EFBC}") = "Patient_WebApp", "Patient_WebApp\Patient_WebApp.csproj", "{F9ABF2DD-D0A7-4D0A-8631-DBE062BA1877}"
EndProject
Global
	GlobalSection(SolutionConfigurationPlatforms) = preSolution
		Debug|Any CPU = Debug|Any CPU
		Release|Any CPU = Release|Any CPU
	EndGlobalSection
	GlobalSection(ProjectConfigurationPlatforms) = postSolution
		{F9ABF2DD-D0A7-4D0A-8631-DBE062BA1877}.Debug|Any CPU.ActiveCfg = Debug|Any CPU
		{F9ABF2DD-D0A7-4D0A-8631-DBE062BA1877}.Debug|Any CPU.Build.0 = Debug|Any CPU
		{F9ABF2DD-D0A7-4D0A-8631-DBE062BA1877}.Release|Any CPU.ActiveCfg = Release|Any CPU
		{F9ABF2DD-D0A7-4D0A-8631-DBE062BA1877}.Release|Any CPU.Build.0 = Release|Any CPU
	EndGlobalSection
	GlobalSection(SolutionProperties) = preSolution
		HideSolutionNode = FALSE
	EndGlobalSection
	GlobalSection(ExtensibilityGlobals) = postSolution
		SolutionGuid = {FF86C5BA-79C2-44FF-9860-9894AE4FB468}
	EndGlobalSection
EndGlobal
